
Microsoft Visual Studio Solution File, Format Version 12.00
# Visual Studio Version 17
VisualStudioVersion = 17.3.32922.545
MinimumVisualStudioVersion = 10.0.40219.1
Project("{2150E333-8FDC-42A3-9474-1A3956D46DE8}") = "Geek.Web", "Geek.Web", "{893F860D-DB2A-48B0-9BAA-8D656B203027}"
EndProject
Project("{2150E333-8FDC-42A3-9474-1A3956D46DE8}") = "Geek.Services", "Geek.Services", "{E6A48639-65DC-4101-A6F8-0843BA039D13}"
EndProject
Project("{9A19103F-16F7-4668-BE54-9A1E7A4F7556}") = "GeekShop.Web", "GeekShop.Web\GeekShop.Web.csproj", "{B8181D36-CF31-408C-918B-2C5CEF5F10E9}"
EndProject
Project("{9A19103F-16F7-4668-BE54-9A1E7A4F7556}") = "GeekShop.ProductApi", "GeekShop.ProductApi\GeekShop.ProductApi.csproj", "{8B3C1E6F-CE68-422E-A127-23DAA0DCFBA9}"
EndProject
Project("{2150E333-8FDC-42A3-9474-1A3956D46DE8}") = "Geek.Tests", "Geek.Tests", "{78296AD6-02CD-479C-BD0E-7C70D3678895}"
EndProject
Project("{9A19103F-16F7-4668-BE54-9A1E7A4F7556}") = "GeekShop.IdentityServer", "Geek.IdentityServer\GeekShop.IdentityServer.csproj", "{07776115-0CC1-4E5E-AEFB-F196E4385FAB}"
EndProject
Project("{9A19103F-16F7-4668-BE54-9A1E7A4F7556}") = "GeekShop.CartApi", "GeekShop.CartApi\GeekShop.CartApi.csproj", "{722139D6-C8F9-4486-B603-F3E2F5C5B2CA}"
EndProject
Project("{9A19103F-16F7-4668-BE54-9A1E7A4F7556}") = "GeekShop.CouponApi", "GeekShop.CuponApi\GeekShop.CouponApi.csproj", "{70BE4CAE-C2FE-4CD9-85DB-3BFD9ECB5DBA}"
EndProject
Project("{2150E333-8FDC-42A3-9474-1A3956D46DE8}") = "Geek.Integrations", "Geek.Integrations", "{64CC00A6-3E8E-46D9-9C70-B271605F4DBC}"
EndProject
Project("{9A19103F-16F7-4668-BE54-9A1E7A4F7556}") = "GeekShop.MessageBus", "GeekShop.MessageBus\GeekShop.MessageBus.csproj", "{183821DC-E833-46D2-B30A-7E46D2F37EFA}"
EndProject
Project("{9A19103F-16F7-4668-BE54-9A1E7A4F7556}") = "GeekShop.OrderApi", "GeekShop.OrderApi\GeekShop.OrderApi.csproj", "{17E0C877-D46D-4136-9415-4A1A03656EFD}"
EndProject
Project("{2150E333-8FDC-42A3-9474-1A3956D46DE8}") = "Geek.Payments", "Geek.Payments", "{9E33D805-46AF-4CDC-A870-7252DFE1AD7B}"
EndProject
Project("{9A19103F-16F7-4668-BE54-9A1E7A4F7556}") = "GeekShop.PaymentProcess", "GeekShop.PaymentProcess\GeekShop.PaymentProcess.csproj", "{BF7452FF-0E02-403D-B171-D94620740F3E}"
EndProject
Project("{9A19103F-16F7-4668-BE54-9A1E7A4F7556}") = "GeekShop.PaymentApi", "GeekShop.PaymentApi\GeekShop.PaymentApi.csproj", "{5C402A5C-A6A6-4AFC-A751-5AA62593BCC9}"
EndProject
Project("{9A19103F-16F7-4668-BE54-9A1E7A4F7556}") = "GeekShop.Email", "GeekShop.Email\GeekShop.Email.csproj", "{F9F6FDFD-A580-4E41-9A0E-438438065EBB}"
EndProject
Project("{2150E333-8FDC-42A3-9474-1A3956D46DE8}") = "Geek.Gateway", "Geek.Gateway", "{D4378B84-A142-4A9D-AFA2-266E5737C7FD}"
EndProject
Project("{FAE04EC0-301F-11D3-BF4B-00C04F79EFBC}") = "GeekShop.Gateway", "GeekShop.Gateway\GeekShop.Gateway.csproj", "{E00EBFA7-5F07-4E57-8CFB-384A2856BE44}"
EndProject
Global
	GlobalSection(SolutionConfigurationPlatforms) = preSolution
		Debug|Any CPU = Debug|Any CPU
		Release|Any CPU = Release|Any CPU
	EndGlobalSection
	GlobalSection(ProjectConfigurationPlatforms) = postSolution
		{B8181D36-CF31-408C-918B-2C5CEF5F10E9}.Debug|Any CPU.ActiveCfg = Debug|Any CPU
		{B8181D36-CF31-408C-918B-2C5CEF5F10E9}.Debug|Any CPU.Build.0 = Debug|Any CPU
		{B8181D36-CF31-408C-918B-2C5CEF5F10E9}.Release|Any CPU.ActiveCfg = Release|Any CPU
		{B8181D36-CF31-408C-918B-2C5CEF5F10E9}.Release|Any CPU.Build.0 = Release|Any CPU
		{8B3C1E6F-CE68-422E-A127-23DAA0DCFBA9}.Debug|Any CPU.ActiveCfg = Debug|Any CPU
		{8B3C1E6F-CE68-422E-A127-23DAA0DCFBA9}.Debug|Any CPU.Build.0 = Debug|Any CPU
		{8B3C1E6F-CE68-422E-A127-23DAA0DCFBA9}.Release|Any CPU.ActiveCfg = Release|Any CPU
		{8B3C1E6F-CE68-422E-A127-23DAA0DCFBA9}.Release|Any CPU.Build.0 = Release|Any CPU
		{07776115-0CC1-4E5E-AEFB-F196E4385FAB}.Debug|Any CPU.ActiveCfg = Debug|Any CPU
		{07776115-0CC1-4E5E-AEFB-F196E4385FAB}.Debug|Any CPU.Build.0 = Debug|Any CPU
		{07776115-0CC1-4E5E-AEFB-F196E4385FAB}.Release|Any CPU.ActiveCfg = Release|Any CPU
		{07776115-0CC1-4E5E-AEFB-F196E4385FAB}.Release|Any CPU.Build.0 = Release|Any CPU
		{722139D6-C8F9-4486-B603-F3E2F5C5B2CA}.Debug|Any CPU.ActiveCfg = Debug|Any CPU
		{722139D6-C8F9-4486-B603-F3E2F5C5B2CA}.Debug|Any CPU.Build.0 = Debug|Any CPU
		{722139D6-C8F9-4486-B603-F3E2F5C5B2CA}.Release|Any CPU.ActiveCfg = Release|Any CPU
		{722139D6-C8F9-4486-B603-F3E2F5C5B2CA}.Release|Any CPU.Build.0 = Release|Any CPU
		{70BE4CAE-C2FE-4CD9-85DB-3BFD9ECB5DBA}.Debug|Any CPU.ActiveCfg = Debug|Any CPU
		{70BE4CAE-C2FE-4CD9-85DB-3BFD9ECB5DBA}.Debug|Any CPU.Build.0 = Debug|Any CPU
		{70BE4CAE-C2FE-4CD9-85DB-3BFD9ECB5DBA}.Release|Any CPU.ActiveCfg = Release|Any CPU
		{70BE4CAE-C2FE-4CD9-85DB-3BFD9ECB5DBA}.Release|Any CPU.Build.0 = Release|Any CPU
		{183821DC-E833-46D2-B30A-7E46D2F37EFA}.Debug|Any CPU.ActiveCfg = Debug|Any CPU
		{183821DC-E833-46D2-B30A-7E46D2F37EFA}.Debug|Any CPU.Build.0 = Debug|Any CPU
		{183821DC-E833-46D2-B30A-7E46D2F37EFA}.Release|Any CPU.ActiveCfg = Release|Any CPU
		{183821DC-E833-46D2-B30A-7E46D2F37EFA}.Release|Any CPU.Build.0 = Release|Any CPU
		{17E0C877-D46D-4136-9415-4A1A03656EFD}.Debug|Any CPU.ActiveCfg = Debug|Any CPU
		{17E0C877-D46D-4136-9415-4A1A03656EFD}.Debug|Any CPU.Build.0 = Debug|Any CPU
		{17E0C877-D46D-4136-9415-4A1A03656EFD}.Release|Any CPU.ActiveCfg = Release|Any CPU
		{17E0C877-D46D-4136-9415-4A1A03656EFD}.Release|Any CPU.Build.0 = Release|Any CPU
		{BF7452FF-0E02-403D-B171-D94620740F3E}.Debug|Any CPU.ActiveCfg = Debug|Any CPU
		{BF7452FF-0E02-403D-B171-D94620740F3E}.Debug|Any CPU.Build.0 = Debug|Any CPU
		{BF7452FF-0E02-403D-B171-D94620740F3E}.Release|Any CPU.ActiveCfg = Release|Any CPU
		{BF7452FF-0E02-403D-B171-D94620740F3E}.Release|Any CPU.Build.0 = Release|Any CPU
		{5C402A5C-A6A6-4AFC-A751-5AA62593BCC9}.Debug|Any CPU.ActiveCfg = Debug|Any CPU
		{5C402A5C-A6A6-4AFC-A751-5AA62593BCC9}.Debug|Any CPU.Build.0 = Debug|Any CPU
		{5C402A5C-A6A6-4AFC-A751-5AA62593BCC9}.Release|Any CPU.ActiveCfg = Release|Any CPU
		{5C402A5C-A6A6-4AFC-A751-5AA62593BCC9}.Release|Any CPU.Build.0 = Release|Any CPU
		{F9F6FDFD-A580-4E41-9A0E-438438065EBB}.Debug|Any CPU.ActiveCfg = Debug|Any CPU
		{F9F6FDFD-A580-4E41-9A0E-438438065EBB}.Debug|Any CPU.Build.0 = Debug|Any CPU
		{F9F6FDFD-A580-4E41-9A0E-438438065EBB}.Release|Any CPU.ActiveCfg = Release|Any CPU
		{F9F6FDFD-A580-4E41-9A0E-438438065EBB}.Release|Any CPU.Build.0 = Release|Any CPU
		{E00EBFA7-5F07-4E57-8CFB-384A2856BE44}.Debug|Any CPU.ActiveCfg = Debug|Any CPU
		{E00EBFA7-5F07-4E57-8CFB-384A2856BE44}.Debug|Any CPU.Build.0 = Debug|Any CPU
		{E00EBFA7-5F07-4E57-8CFB-384A2856BE44}.Release|Any CPU.ActiveCfg = Release|Any CPU
		{E00EBFA7-5F07-4E57-8CFB-384A2856BE44}.Release|Any CPU.Build.0 = Release|Any CPU
	EndGlobalSection
	GlobalSection(SolutionProperties) = preSolution
		HideSolutionNode = FALSE
	EndGlobalSection
	GlobalSection(NestedProjects) = preSolution
		{B8181D36-CF31-408C-918B-2C5CEF5F10E9} = {893F860D-DB2A-48B0-9BAA-8D656B203027}
		{8B3C1E6F-CE68-422E-A127-23DAA0DCFBA9} = {E6A48639-65DC-4101-A6F8-0843BA039D13}
		{07776115-0CC1-4E5E-AEFB-F196E4385FAB} = {E6A48639-65DC-4101-A6F8-0843BA039D13}
		{722139D6-C8F9-4486-B603-F3E2F5C5B2CA} = {E6A48639-65DC-4101-A6F8-0843BA039D13}
		{70BE4CAE-C2FE-4CD9-85DB-3BFD9ECB5DBA} = {E6A48639-65DC-4101-A6F8-0843BA039D13}
		{183821DC-E833-46D2-B30A-7E46D2F37EFA} = {64CC00A6-3E8E-46D9-9C70-B271605F4DBC}
		{17E0C877-D46D-4136-9415-4A1A03656EFD} = {E6A48639-65DC-4101-A6F8-0843BA039D13}
		{BF7452FF-0E02-403D-B171-D94620740F3E} = {9E33D805-46AF-4CDC-A870-7252DFE1AD7B}
		{5C402A5C-A6A6-4AFC-A751-5AA62593BCC9} = {E6A48639-65DC-4101-A6F8-0843BA039D13}
		{F9F6FDFD-A580-4E41-9A0E-438438065EBB} = {E6A48639-65DC-4101-A6F8-0843BA039D13}
		{E00EBFA7-5F07-4E57-8CFB-384A2856BE44} = {D4378B84-A142-4A9D-AFA2-266E5737C7FD}
	EndGlobalSection
	GlobalSection(ExtensibilityGlobals) = postSolution
		SolutionGuid = {2CC2154E-21A7-475F-94BF-0CDFB4F0AFC6}
	EndGlobalSection
EndGlobal
