
Microsoft Visual Studio Solution File, Format Version 12.00
# Visual Studio Version 17
VisualStudioVersion = 17.2.32427.441
MinimumVisualStudioVersion = 10.0.40219.1
Project("{2150E333-8FDC-42A3-9474-1A3956D46DE8}") = "FrontEnd", "FrontEnd", "{32CE484F-4BB3-4E0C-BEA7-CEA448BC986E}"
EndProject
Project("{2150E333-8FDC-42A3-9474-1A3956D46DE8}") = "Services", "Services", "{167682B8-28FD-4BE5-9145-87E430650555}"
EndProject
Project("{9A19103F-16F7-4668-BE54-9A1E7A4F7556}") = "GeekShopping.Web", "GeekShopping.Web\GeekShopping.Web.csproj", "{0880A02C-395B-4448-A86C-86257DC96556}"
EndProject
Project("{9A19103F-16F7-4668-BE54-9A1E7A4F7556}") = "GeekShopping.ProductAPI", "GeekShopping.ProductAPI\GeekShopping.ProductAPI.csproj", "{B58824D1-B437-49A8-B467-E85DCE9BE2A6}"
EndProject
Project("{9A19103F-16F7-4668-BE54-9A1E7A4F7556}") = "GeekShopping.IdentityServer", "GeekShopping.IdentityServer\GeekShopping.IdentityServer.csproj", "{7D95EBD1-CDAB-410D-A35D-1D3691C4553A}"
EndProject
Project("{9A19103F-16F7-4668-BE54-9A1E7A4F7556}") = "GeekShopping.CartAPI", "GeekShopping.CartAPI\GeekShopping.CartAPI.csproj", "{4DD09EF6-035C-418F-9038-6586628E1EEE}"
EndProject
Project("{9A19103F-16F7-4668-BE54-9A1E7A4F7556}") = "GeekShopping.CouponAPI", "GeekShopping.CouponAPI\GeekShopping.CouponAPI.csproj", "{C345CE3B-8CB5-4914-8E25-D89704F0B8AA}"
EndProject
Project("{2150E333-8FDC-42A3-9474-1A3956D46DE8}") = "Integration", "Integration", "{95837DAC-3F9B-402F-B5FA-B46FB7256FD2}"
EndProject
Project("{9A19103F-16F7-4668-BE54-9A1E7A4F7556}") = "GeekShopping.MessageBus", "GeekShopping.MessageBus\GeekShopping.MessageBus.csproj", "{5D6C74F9-D498-4D69-AAFC-9202D7FD9EB7}"
EndProject
Project("{9A19103F-16F7-4668-BE54-9A1E7A4F7556}") = "GeekShopping.OrderAPI", "GeekShopping.OrderAPI\GeekShopping.OrderAPI.csproj", "{0777BA19-409A-40FB-96DB-3FC894F09578}"
EndProject
Project("{2150E333-8FDC-42A3-9474-1A3956D46DE8}") = "Payments", "Payments", "{1FA0BF11-150A-442A-B863-80CB8C4E5579}"
EndProject
Project("{9A19103F-16F7-4668-BE54-9A1E7A4F7556}") = "GeekShopping.PaymentProcessor", "GeekShopping.PaymentProcessor\GeekShopping.PaymentProcessor.csproj", "{43A90AF1-DDB1-452B-975C-C2D05278B6D7}"
EndProject
Project("{9A19103F-16F7-4668-BE54-9A1E7A4F7556}") = "GeekShopping.Utils", "GeekShopping.Utils\GeekShopping.Utils.csproj", "{B2409B3C-6AD0-4119-9673-403DAC92F9AA}"
EndProject
Project("{9A19103F-16F7-4668-BE54-9A1E7A4F7556}") = "GeekShopping.PaymentAPI", "GeekShopping.PaymentAPI\GeekShopping.PaymentAPI.csproj", "{9FC8AF85-8ED7-49BA-9377-D53922CE3692}"
EndProject
Project("{9A19103F-16F7-4668-BE54-9A1E7A4F7556}") = "GeekShopping.Email", "GeekShopping.Email\GeekShopping.Email.csproj", "{8B7B38C8-5D35-4BEE-8C35-9637BE61C5E2}"
EndProject
Project("{9A19103F-16F7-4668-BE54-9A1E7A4F7556}") = "GeekShopping.Integration", "GeekShopping.Integration\GeekShopping.Integration.csproj", "{297B4A75-A06D-48AC-B758-F7459911B14C}"
EndProject
Project("{2150E333-8FDC-42A3-9474-1A3956D46DE8}") = "Gateway", "Gateway", "{D99493D4-7600-4D5B-8FA8-58CF505C3904}"
EndProject
Project("{FAE04EC0-301F-11D3-BF4B-00C04F79EFBC}") = "GeekShopping.APIGateway", "GeekShopping.APIGateway\GeekShopping.APIGateway.csproj", "{2F7A26FE-9A65-42A9-BF85-2B84DBE1AF0B}"
EndProject
Global
	GlobalSection(SolutionConfigurationPlatforms) = preSolution
		Debug|Any CPU = Debug|Any CPU
		Release|Any CPU = Release|Any CPU
	EndGlobalSection
	GlobalSection(ProjectConfigurationPlatforms) = postSolution
		{0880A02C-395B-4448-A86C-86257DC96556}.Debug|Any CPU.ActiveCfg = Debug|Any CPU
		{0880A02C-395B-4448-A86C-86257DC96556}.Debug|Any CPU.Build.0 = Debug|Any CPU
		{0880A02C-395B-4448-A86C-86257DC96556}.Release|Any CPU.ActiveCfg = Release|Any CPU
		{0880A02C-395B-4448-A86C-86257DC96556}.Release|Any CPU.Build.0 = Release|Any CPU
		{B58824D1-B437-49A8-B467-E85DCE9BE2A6}.Debug|Any CPU.ActiveCfg = Debug|Any CPU
		{B58824D1-B437-49A8-B467-E85DCE9BE2A6}.Debug|Any CPU.Build.0 = Debug|Any CPU
		{B58824D1-B437-49A8-B467-E85DCE9BE2A6}.Release|Any CPU.ActiveCfg = Release|Any CPU
		{B58824D1-B437-49A8-B467-E85DCE9BE2A6}.Release|Any CPU.Build.0 = Release|Any CPU
		{7D95EBD1-CDAB-410D-A35D-1D3691C4553A}.Debug|Any CPU.ActiveCfg = Debug|Any CPU
		{7D95EBD1-CDAB-410D-A35D-1D3691C4553A}.Debug|Any CPU.Build.0 = Debug|Any CPU
		{7D95EBD1-CDAB-410D-A35D-1D3691C4553A}.Release|Any CPU.ActiveCfg = Release|Any CPU
		{7D95EBD1-CDAB-410D-A35D-1D3691C4553A}.Release|Any CPU.Build.0 = Release|Any CPU
		{4DD09EF6-035C-418F-9038-6586628E1EEE}.Debug|Any CPU.ActiveCfg = Debug|Any CPU
		{4DD09EF6-035C-418F-9038-6586628E1EEE}.Debug|Any CPU.Build.0 = Debug|Any CPU
		{4DD09EF6-035C-418F-9038-6586628E1EEE}.Release|Any CPU.ActiveCfg = Release|Any CPU
		{4DD09EF6-035C-418F-9038-6586628E1EEE}.Release|Any CPU.Build.0 = Release|Any CPU
		{C345CE3B-8CB5-4914-8E25-D89704F0B8AA}.Debug|Any CPU.ActiveCfg = Debug|Any CPU
		{C345CE3B-8CB5-4914-8E25-D89704F0B8AA}.Debug|Any CPU.Build.0 = Debug|Any CPU
		{C345CE3B-8CB5-4914-8E25-D89704F0B8AA}.Release|Any CPU.ActiveCfg = Release|Any CPU
		{C345CE3B-8CB5-4914-8E25-D89704F0B8AA}.Release|Any CPU.Build.0 = Release|Any CPU
		{5D6C74F9-D498-4D69-AAFC-9202D7FD9EB7}.Debug|Any CPU.ActiveCfg = Debug|Any CPU
		{5D6C74F9-D498-4D69-AAFC-9202D7FD9EB7}.Debug|Any CPU.Build.0 = Debug|Any CPU
		{5D6C74F9-D498-4D69-AAFC-9202D7FD9EB7}.Release|Any CPU.ActiveCfg = Release|Any CPU
		{5D6C74F9-D498-4D69-AAFC-9202D7FD9EB7}.Release|Any CPU.Build.0 = Release|Any CPU
		{0777BA19-409A-40FB-96DB-3FC894F09578}.Debug|Any CPU.ActiveCfg = Debug|Any CPU
		{0777BA19-409A-40FB-96DB-3FC894F09578}.Debug|Any CPU.Build.0 = Debug|Any CPU
		{0777BA19-409A-40FB-96DB-3FC894F09578}.Release|Any CPU.ActiveCfg = Release|Any CPU
		{0777BA19-409A-40FB-96DB-3FC894F09578}.Release|Any CPU.Build.0 = Release|Any CPU
		{43A90AF1-DDB1-452B-975C-C2D05278B6D7}.Debug|Any CPU.ActiveCfg = Debug|Any CPU
		{43A90AF1-DDB1-452B-975C-C2D05278B6D7}.Debug|Any CPU.Build.0 = Debug|Any CPU
		{43A90AF1-DDB1-452B-975C-C2D05278B6D7}.Release|Any CPU.ActiveCfg = Release|Any CPU
		{43A90AF1-DDB1-452B-975C-C2D05278B6D7}.Release|Any CPU.Build.0 = Release|Any CPU
		{B2409B3C-6AD0-4119-9673-403DAC92F9AA}.Debug|Any CPU.ActiveCfg = Debug|Any CPU
		{B2409B3C-6AD0-4119-9673-403DAC92F9AA}.Debug|Any CPU.Build.0 = Debug|Any CPU
		{B2409B3C-6AD0-4119-9673-403DAC92F9AA}.Release|Any CPU.ActiveCfg = Release|Any CPU
		{B2409B3C-6AD0-4119-9673-403DAC92F9AA}.Release|Any CPU.Build.0 = Release|Any CPU
		{9FC8AF85-8ED7-49BA-9377-D53922CE3692}.Debug|Any CPU.ActiveCfg = Debug|Any CPU
		{9FC8AF85-8ED7-49BA-9377-D53922CE3692}.Debug|Any CPU.Build.0 = Debug|Any CPU
		{9FC8AF85-8ED7-49BA-9377-D53922CE3692}.Release|Any CPU.ActiveCfg = Release|Any CPU
		{9FC8AF85-8ED7-49BA-9377-D53922CE3692}.Release|Any CPU.Build.0 = Release|Any CPU
		{8B7B38C8-5D35-4BEE-8C35-9637BE61C5E2}.Debug|Any CPU.ActiveCfg = Debug|Any CPU
		{8B7B38C8-5D35-4BEE-8C35-9637BE61C5E2}.Debug|Any CPU.Build.0 = Debug|Any CPU
		{8B7B38C8-5D35-4BEE-8C35-9637BE61C5E2}.Release|Any CPU.ActiveCfg = Release|Any CPU
		{8B7B38C8-5D35-4BEE-8C35-9637BE61C5E2}.Release|Any CPU.Build.0 = Release|Any CPU
		{297B4A75-A06D-48AC-B758-F7459911B14C}.Debug|Any CPU.ActiveCfg = Debug|Any CPU
		{297B4A75-A06D-48AC-B758-F7459911B14C}.Debug|Any CPU.Build.0 = Debug|Any CPU
		{297B4A75-A06D-48AC-B758-F7459911B14C}.Release|Any CPU.ActiveCfg = Release|Any CPU
		{297B4A75-A06D-48AC-B758-F7459911B14C}.Release|Any CPU.Build.0 = Release|Any CPU
		{2F7A26FE-9A65-42A9-BF85-2B84DBE1AF0B}.Debug|Any CPU.ActiveCfg = Debug|Any CPU
		{2F7A26FE-9A65-42A9-BF85-2B84DBE1AF0B}.Debug|Any CPU.Build.0 = Debug|Any CPU
		{2F7A26FE-9A65-42A9-BF85-2B84DBE1AF0B}.Release|Any CPU.ActiveCfg = Release|Any CPU
		{2F7A26FE-9A65-42A9-BF85-2B84DBE1AF0B}.Release|Any CPU.Build.0 = Release|Any CPU
	EndGlobalSection
	GlobalSection(SolutionProperties) = preSolution
		HideSolutionNode = FALSE
	EndGlobalSection
	GlobalSection(NestedProjects) = preSolution
		{0880A02C-395B-4448-A86C-86257DC96556} = {32CE484F-4BB3-4E0C-BEA7-CEA448BC986E}
		{B58824D1-B437-49A8-B467-E85DCE9BE2A6} = {167682B8-28FD-4BE5-9145-87E430650555}
		{7D95EBD1-CDAB-410D-A35D-1D3691C4553A} = {167682B8-28FD-4BE5-9145-87E430650555}
		{4DD09EF6-035C-418F-9038-6586628E1EEE} = {167682B8-28FD-4BE5-9145-87E430650555}
		{C345CE3B-8CB5-4914-8E25-D89704F0B8AA} = {167682B8-28FD-4BE5-9145-87E430650555}
		{5D6C74F9-D498-4D69-AAFC-9202D7FD9EB7} = {95837DAC-3F9B-402F-B5FA-B46FB7256FD2}
		{0777BA19-409A-40FB-96DB-3FC894F09578} = {167682B8-28FD-4BE5-9145-87E430650555}
		{43A90AF1-DDB1-452B-975C-C2D05278B6D7} = {1FA0BF11-150A-442A-B863-80CB8C4E5579}
		{B2409B3C-6AD0-4119-9673-403DAC92F9AA} = {95837DAC-3F9B-402F-B5FA-B46FB7256FD2}
		{9FC8AF85-8ED7-49BA-9377-D53922CE3692} = {167682B8-28FD-4BE5-9145-87E430650555}
		{8B7B38C8-5D35-4BEE-8C35-9637BE61C5E2} = {167682B8-28FD-4BE5-9145-87E430650555}
		{297B4A75-A06D-48AC-B758-F7459911B14C} = {95837DAC-3F9B-402F-B5FA-B46FB7256FD2}
		{2F7A26FE-9A65-42A9-BF85-2B84DBE1AF0B} = {D99493D4-7600-4D5B-8FA8-58CF505C3904}
	EndGlobalSection
	GlobalSection(ExtensibilityGlobals) = postSolution
		SolutionGuid = {02DC02F4-0136-4891-9C1D-50D52DEBC81F}
	EndGlobalSection
EndGlobal
